
Microsoft Visual Studio Solution File, Format Version 12.00
# Visual Studio Version 17
VisualStudioVersion = 17.8.34330.188
MinimumVisualStudioVersion = 10.0.40219.1
Project("{8BC9CEB8-8B4A-11D0-8D11-00A0C91BC942}") = "lab5(14)", "lab5(14)\lab5(14).vcxproj", "{A0E82B4B-DE50-494D-B112-F61B98CA7763}"
EndProject
Global
	GlobalSection(SolutionConfigurationPlatforms) = preSolution
		Debug|x64 = Debug|x64
		Debug|x86 = Debug|x86
		Release|x64 = Release|x64
		Release|x86 = Release|x86
	EndGlobalSection
	GlobalSection(ProjectConfigurationPlatforms) = postSolution
		{A0E82B4B-DE50-494D-B112-F61B98CA7763}.Debug|x64.ActiveCfg = Debug|x64
		{A0E82B4B-DE50-494D-B112-F61B98CA7763}.Debug|x64.Build.0 = Debug|x64
		{A0E82B4B-DE50-494D-B112-F61B98CA7763}.Debug|x86.ActiveCfg = Debug|Win32
		{A0E82B4B-DE50-494D-B112-F61B98CA7763}.Debug|x86.Build.0 = Debug|Win32
		{A0E82B4B-DE50-494D-B112-F61B98CA7763}.Release|x64.ActiveCfg = Release|x64
		{A0E82B4B-DE50-494D-B112-F61B98CA7763}.Release|x64.Build.0 = Release|x64
		{A0E82B4B-DE50-494D-B112-F61B98CA7763}.Release|x86.ActiveCfg = Release|Win32
		{A0E82B4B-DE50-494D-B112-F61B98CA7763}.Release|x86.Build.0 = Release|Win32
	EndGlobalSection
	GlobalSection(SolutionProperties) = preSolution
		HideSolutionNode = FALSE
	EndGlobalSection
	GlobalSection(ExtensibilityGlobals) = postSolution
		SolutionGuid = {1D16BC81-9FEB-4189-9B16-FB659A56BB80}
	EndGlobalSection
EndGlobal
